
Microsoft Visual Studio Solution File, Format Version 12.00
# Visual Studio Version 17
VisualStudioVersion = 17.4.33213.308
MinimumVisualStudioVersion = 10.0.40219.1
Project("{9A19103F-16F7-4668-BE54-9A1E7A4F7556}") = "HolaMundo", "HolaMundo.csproj", "{60F67AF0-AD62-41E5-A131-56D07352E67E}"
EndProject
Project("{2150E333-8FDC-42A3-9474-1A3956D46DE8}") = "Solution Items", "Solution Items", "{D1E7F316-D8F3-4EED-A5A4-C60839DF5978}"
	ProjectSection(SolutionItems) = preProject
		.editorconfig = .editorconfig
	EndProjectSection
EndProject
Global
	GlobalSection(SolutionConfigurationPlatforms) = preSolution
		Debug|Any CPU = Debug|Any CPU
		Release|Any CPU = Release|Any CPU
	EndGlobalSection
	GlobalSection(ProjectConfigurationPlatforms) = postSolution
		{60F67AF0-AD62-41E5-A131-56D07352E67E}.Debug|Any CPU.ActiveCfg = Debug|Any CPU
		{60F67AF0-AD62-41E5-A131-56D07352E67E}.Debug|Any CPU.Build.0 = Debug|Any CPU
		{60F67AF0-AD62-41E5-A131-56D07352E67E}.Release|Any CPU.ActiveCfg = Release|Any CPU
		{60F67AF0-AD62-41E5-A131-56D07352E67E}.Release|Any CPU.Build.0 = Release|Any CPU
	EndGlobalSection
	GlobalSection(SolutionProperties) = preSolution
		HideSolutionNode = FALSE
	EndGlobalSection
	GlobalSection(ExtensibilityGlobals) = postSolution
		SolutionGuid = {2AC36487-676D-4BF4-9130-47319DB298DA}
	EndGlobalSection
EndGlobal
